
Microsoft Visual Studio Solution File, Format Version 12.00
# Visual Studio 15
VisualStudioVersion = 15.0.28307.902
MinimumVisualStudioVersion = 10.0.40219.1
Project("{FAE04EC0-301F-11D3-BF4B-00C04F79EFBC}") = "Simple DDOS Panel", "SimplePanel\Simple DDOS Panel.csproj", "{DD8A4733-0BD3-41F2-BCF9-F3786832E196}"
EndProject
Global
	GlobalSection(SolutionConfigurationPlatforms) = preSolution
		Debug|Any CPU = Debug|Any CPU
		Release|Any CPU = Release|Any CPU
	EndGlobalSection
	GlobalSection(ProjectConfigurationPlatforms) = postSolution
		{DD8A4733-0BD3-41F2-BCF9-F3786832E196}.Debug|Any CPU.ActiveCfg = Debug|Any CPU
		{DD8A4733-0BD3-41F2-BCF9-F3786832E196}.Debug|Any CPU.Build.0 = Debug|Any CPU
		{DD8A4733-0BD3-41F2-BCF9-F3786832E196}.Release|Any CPU.ActiveCfg = Release|Any CPU
		{DD8A4733-0BD3-41F2-BCF9-F3786832E196}.Release|Any CPU.Build.0 = Release|Any CPU
	EndGlobalSection
	GlobalSection(SolutionProperties) = preSolution
		HideSolutionNode = FALSE
	EndGlobalSection
	GlobalSection(ExtensibilityGlobals) = postSolution
		SolutionGuid = {B4774258-7180-4941-A6DB-BD9DF33D5F6F}
	EndGlobalSection
EndGlobal
